// !$*UTF8*$!
{
	archiveVersion = 1;
	classes = {
	};
	objectVersion = 77;
	objects = {

/* Begin PBXBuildFile section */
		650998062DA310A300C99305 /* CustomBoxWith2Choices.swift in Sources */ = {isa = PBXBuildFile; fileRef = 650998052DA310A300C99305 /* CustomBoxWith2Choices.swift */; };
		6509980D2DA312C300C99305 /* DoublingCubeYPosition.swift in Sources */ = {isa = PBXBuildFile; fileRef = 650998092DA312C300C99305 /* DoublingCubeYPosition.swift */; };
		6509980E2DA312C300C99305 /* LargeBoxWidthKey.swift in Sources */ = {isa = PBXBuildFile; fileRef = 6509980A2DA312C300C99305 /* LargeBoxWidthKey.swift */; };
		6509980F2DA312C300C99305 /* SmallBoxWidthKey.swift in Sources */ = {isa = PBXBuildFile; fileRef = 6509980B2DA312C300C99305 /* SmallBoxWidthKey.swift */; };
		650998112DA312DE00C99305 /* SizePreferanceKey.swift in Sources */ = {isa = PBXBuildFile; fileRef = 650998102DA312DE00C99305 /* SizePreferanceKey.swift */; };
		650998152DA3154A00C99305 /* ConfirmWishToMakeOffer.swift in Sources */ = {isa = PBXBuildFile; fileRef = 650998122DA3154A00C99305 /* ConfirmWishToMakeOffer.swift */; };
		650998162DA3154A00C99305 /* ShowDoublingOffer.swift in Sources */ = {isa = PBXBuildFile; fileRef = 650998132DA3154A00C99305 /* ShowDoublingOffer.swift */; };
		650998182DA3281D00C99305 /* AbandonMatchView.swift in Sources */ = {isa = PBXBuildFile; fileRef = 650998172DA3281D00C99305 /* AbandonMatchView.swift */; };
		6509981A2DA331D100C99305 /* CustomBoxWith1Button.swift in Sources */ = {isa = PBXBuildFile; fileRef = 650998192DA331D100C99305 /* CustomBoxWith1Button.swift */; };
		6509981C2DA339E800C99305 /* NotYetImplementedView.swift in Sources */ = {isa = PBXBuildFile; fileRef = 6509981B2DA339E800C99305 /* NotYetImplementedView.swift */; };
		650998222DA4423A00C99305 /* AnimatedArrow.swift in Sources */ = {isa = PBXBuildFile; fileRef = 650998212DA4423A00C99305 /* AnimatedArrow.swift */; };
		657C9AFE2D95DCAC008B193C /* ApplyBorder.swift in Sources */ = {isa = PBXBuildFile; fileRef = 657C9AFD2D95DCAC008B193C /* ApplyBorder.swift */; };
		657C9B032D971C01008B193C /* ResultOverlay.swift in Sources */ = {isa = PBXBuildFile; fileRef = 657C9B022D971C01008B193C /* ResultOverlay.swift */; };
		657C9B052D98889C008B193C /* AboutView.swift in Sources */ = {isa = PBXBuildFile; fileRef = 657C9B042D98889C008B193C /* AboutView.swift */; };
		6580A26E2D83095000E88963 /* NewMatchButton.swift in Sources */ = {isa = PBXBuildFile; fileRef = 6580A26D2D83095000E88963 /* NewMatchButton.swift */; };
		6580A2702D83BB9E00E88963 /* NameTextfieldView.swift in Sources */ = {isa = PBXBuildFile; fileRef = 6580A26F2D83BB9E00E88963 /* NameTextfieldView.swift */; };
		6580A2722D83CD5300E88963 /* WelcomeView.swift in Sources */ = {isa = PBXBuildFile; fileRef = 6580A2712D83CD5300E88963 /* WelcomeView.swift */; };
		6580A2742D83D23900E88963 /* MainAppViewXXXXX.swift in Sources */ = {isa = PBXBuildFile; fileRef = 6580A2732D83D23900E88963 /* MainAppViewXXXXX.swift */; };
		65AC05002D7E245C00D9F7A6 /* Color.swift in Sources */ = {isa = PBXBuildFile; fileRef = 65AC04DA2D7E245C00D9F7A6 /* Color.swift */; };
		65AC05012D7E245C00D9F7A6 /* String.swift in Sources */ = {isa = PBXBuildFile; fileRef = 65AC04DB2D7E245C00D9F7A6 /* String.swift */; };
		65AC05022D7E245C00D9F7A6 /* View.swift in Sources */ = {isa = PBXBuildFile; fileRef = 65AC04DC2D7E245C00D9F7A6 /* View.swift */; };
		65AC05032D7E245C00D9F7A6 /* Bindings.swift in Sources */ = {isa = PBXBuildFile; fileRef = 65AC04DE2D7E245C00D9F7A6 /* Bindings.swift */; };
		65AC05042D7E245C00D9F7A6 /* EdgeBorder.swift in Sources */ = {isa = PBXBuildFile; fileRef = 65AC04DF2D7E245C00D9F7A6 /* EdgeBorder.swift */; };
		65AC05062D7E245C00D9F7A6 /* ClearButton.swift in Sources */ = {isa = PBXBuildFile; fileRef = 65AC04E12D7E245C00D9F7A6 /* ClearButton.swift */; };
		65AC05072D7E245C00D9F7A6 /* DeviceRotation.swift in Sources */ = {isa = PBXBuildFile; fileRef = 65AC04E22D7E245C00D9F7A6 /* DeviceRotation.swift */; };
		65AC050A2D7E245C00D9F7A6 /* getDeviceOrientation.swift in Sources */ = {isa = PBXBuildFile; fileRef = 65AC04E52D7E245C00D9F7A6 /* getDeviceOrientation.swift */; };
		65AC050B2D7E245C00D9F7A6 /* NumberHorizontalPicker.swift in Sources */ = {isa = PBXBuildFile; fileRef = 65AC04E62D7E245C00D9F7A6 /* NumberHorizontalPicker.swift */; };
		65AC050C2D7E245C00D9F7A6 /* TotalWidthKey.swift in Sources */ = {isa = PBXBuildFile; fileRef = 65AC04E72D7E245C00D9F7A6 /* TotalWidthKey.swift */; };
		65AC050D2D7E245C00D9F7A6 /* CrawfordGameView.swift in Sources */ = {isa = PBXBuildFile; fileRef = 65AC04E92D7E245C00D9F7A6 /* CrawfordGameView.swift */; };
		65AC050E2D7E245C00D9F7A6 /* DoublingCubeView.swift in Sources */ = {isa = PBXBuildFile; fileRef = 65AC04EA2D7E245C00D9F7A6 /* DoublingCubeView.swift */; };
		65AC050F2D7E245C00D9F7A6 /* MatchView.swift in Sources */ = {isa = PBXBuildFile; fileRef = 65AC04EC2D7E245C00D9F7A6 /* MatchView.swift */; };
		65AC05102D7E245C00D9F7A6 /* MiddleView.swift in Sources */ = {isa = PBXBuildFile; fileRef = 65AC04ED2D7E245C00D9F7A6 /* MiddleView.swift */; };
		65AC05112D7E245C00D9F7A6 /* OuterView.swift in Sources */ = {isa = PBXBuildFile; fileRef = 65AC04EE2D7E245C00D9F7A6 /* OuterView.swift */; };
		65AC05122D7E245C00D9F7A6 /* TestAlignmentXXXXX.swift in Sources */ = {isa = PBXBuildFile; fileRef = 65AC04EF2D7E245C00D9F7A6 /* TestAlignmentXXXXX.swift */; };
		65AC05132D7E245C00D9F7A6 /* ConfigurePlayersView.swift in Sources */ = {isa = PBXBuildFile; fileRef = 65AC04F12D7E245C00D9F7A6 /* ConfigurePlayersView.swift */; };
		65AC05142D7E245C00D9F7A6 /* ConfigureMatchView.swift in Sources */ = {isa = PBXBuildFile; fileRef = 65AC04F22D7E245C00D9F7A6 /* ConfigureMatchView.swift */; };
		65AC05152D7E245C00D9F7A6 /* BackgammonScoreKeeperApp.swift in Sources */ = {isa = PBXBuildFile; fileRef = 65AC04F72D7E245C00D9F7A6 /* BackgammonScoreKeeperApp.swift */; };
		65AC05162D7E245C00D9F7A6 /* ContentViewXXXXX.swift in Sources */ = {isa = PBXBuildFile; fileRef = 65AC04F82D7E245C00D9F7A6 /* ContentViewXXXXX.swift */; };
		65AC05172D7E245C00D9F7A6 /* ControllerView.swift in Sources */ = {isa = PBXBuildFile; fileRef = 65AC04F92D7E245C00D9F7A6 /* ControllerView.swift */; };
		65AC05182D7E245C00D9F7A6 /* DayHorizontalPicker.swift in Sources */ = {isa = PBXBuildFile; fileRef = 65AC04FA2D7E245C00D9F7A6 /* DayHorizontalPicker.swift */; };
		65AC05192D7E245C00D9F7A6 /* MainMenu.swift in Sources */ = {isa = PBXBuildFile; fileRef = 65AC04FB2D7E245C00D9F7A6 /* MainMenu.swift */; };
		65AC051A2D7E245C00D9F7A6 /* TypeOfMatch.swift in Sources */ = {isa = PBXBuildFile; fileRef = 65AC04FC2D7E245C00D9F7A6 /* TypeOfMatch.swift */; };
		65AC051B2D7E245C00D9F7A6 /* ViewModel.swift in Sources */ = {isa = PBXBuildFile; fileRef = 65AC04FD2D7E245C00D9F7A6 /* ViewModel.swift */; };
		65AC051C2D7E245C00D9F7A6 /* Preview Assets.xcassets in Resources */ = {isa = PBXBuildFile; fileRef = 65AC04F42D7E245C00D9F7A6 /* Preview Assets.xcassets */; };
		65AC051D2D7E245C00D9F7A6 /* Assets.xcassets in Resources */ = {isa = PBXBuildFile; fileRef = 65AC04F62D7E245C00D9F7A6 /* Assets.xcassets */; };
		65AC05202D7E31E100D9F7A6 /* CustomConfigureChangeStyle.swift in Sources */ = {isa = PBXBuildFile; fileRef = 65AC051F2D7E31E100D9F7A6 /* CustomConfigureChangeStyle.swift */; };
		65AC05222D7E698A00D9F7A6 /* MainMenuButton.swift in Sources */ = {isa = PBXBuildFile; fileRef = 65AC05212D7E698A00D9F7A6 /* MainMenuButton.swift */; };
		65B6A4CA2D89E08C002D97AB /* PaddedButtonStyle.swift in Sources */ = {isa = PBXBuildFile; fileRef = 65B6A4C92D89E08C002D97AB /* PaddedButtonStyle.swift */; };
		65B6A4D22D8B49F1002D97AB /* ToggleView.swift in Sources */ = {isa = PBXBuildFile; fileRef = 65B6A4D12D8B49F1002D97AB /* ToggleView.swift */; };
		65B6A4D62D8D8C3E002D97AB /* MovingBorderView.swift in Sources */ = {isa = PBXBuildFile; fileRef = 65B6A4D52D8D8C3E002D97AB /* MovingBorderView.swift */; };
		65B6A4D82D8DEAB5002D97AB /* CustomDialogue.swift in Sources */ = {isa = PBXBuildFile; fileRef = 65B6A4D72D8DEAB5002D97AB /* CustomDialogue.swift */; };
		65B6A4DA2D901CE2002D97AB /* Triangle.swift in Sources */ = {isa = PBXBuildFile; fileRef = 65B6A4D92D901CE2002D97AB /* Triangle.swift */; };
		65B6A4DD2D908283002D97AB /* TriangleRow.swift in Sources */ = {isa = PBXBuildFile; fileRef = 65B6A4DC2D908283002D97AB /* TriangleRow.swift */; };
		65B6A4DF2D9092BC002D97AB /* VerticalText.swift in Sources */ = {isa = PBXBuildFile; fileRef = 65B6A4DE2D9092BC002D97AB /* VerticalText.swift */; };
		65B6A4E12D90B5D2002D97AB /* Glow.swift in Sources */ = {isa = PBXBuildFile; fileRef = 65B6A4E02D90B5D2002D97AB /* Glow.swift */; };
/* End PBXBuildFile section */

/* Begin PBXFileReference section */
		650998052DA310A300C99305 /* CustomBoxWith2Choices.swift */ = {isa = PBXFileReference; lastKnownFileType = sourcecode.swift; path = CustomBoxWith2Choices.swift; sourceTree = "<group>"; };
		650998092DA312C300C99305 /* DoublingCubeYPosition.swift */ = {isa = PBXFileReference; lastKnownFileType = sourcecode.swift; path = DoublingCubeYPosition.swift; sourceTree = "<group>"; };
		6509980A2DA312C300C99305 /* LargeBoxWidthKey.swift */ = {isa = PBXFileReference; lastKnownFileType = sourcecode.swift; path = LargeBoxWidthKey.swift; sourceTree = "<group>"; };
		6509980B2DA312C300C99305 /* SmallBoxWidthKey.swift */ = {isa = PBXFileReference; lastKnownFileType = sourcecode.swift; path = SmallBoxWidthKey.swift; sourceTree = "<group>"; };
		650998102DA312DE00C99305 /* SizePreferanceKey.swift */ = {isa = PBXFileReference; lastKnownFileType = sourcecode.swift; path = SizePreferanceKey.swift; sourceTree = "<group>"; };
		650998122DA3154A00C99305 /* ConfirmWishToMakeOffer.swift */ = {isa = PBXFileReference; lastKnownFileType = sourcecode.swift; path = ConfirmWishToMakeOffer.swift; sourceTree = "<group>"; };
		650998132DA3154A00C99305 /* ShowDoublingOffer.swift */ = {isa = PBXFileReference; lastKnownFileType = sourcecode.swift; path = ShowDoublingOffer.swift; sourceTree = "<group>"; };
		650998172DA3281D00C99305 /* AbandonMatchView.swift */ = {isa = PBXFileReference; lastKnownFileType = sourcecode.swift; path = AbandonMatchView.swift; sourceTree = "<group>"; };
		650998192DA331D100C99305 /* CustomBoxWith1Button.swift */ = {isa = PBXFileReference; lastKnownFileType = sourcecode.swift; path = CustomBoxWith1Button.swift; sourceTree = "<group>"; };
		6509981B2DA339E800C99305 /* NotYetImplementedView.swift */ = {isa = PBXFileReference; lastKnownFileType = sourcecode.swift; path = NotYetImplementedView.swift; sourceTree = "<group>"; };
		650998212DA4423A00C99305 /* AnimatedArrow.swift */ = {isa = PBXFileReference; lastKnownFileType = sourcecode.swift; path = AnimatedArrow.swift; sourceTree = "<group>"; };
		657C9AFD2D95DCAC008B193C /* ApplyBorder.swift */ = {isa = PBXFileReference; lastKnownFileType = sourcecode.swift; path = ApplyBorder.swift; sourceTree = "<group>"; };
		657C9B022D971C01008B193C /* ResultOverlay.swift */ = {isa = PBXFileReference; lastKnownFileType = sourcecode.swift; path = ResultOverlay.swift; sourceTree = "<group>"; };
		657C9B042D98889C008B193C /* AboutView.swift */ = {isa = PBXFileReference; lastKnownFileType = sourcecode.swift; path = AboutView.swift; sourceTree = "<group>"; };
		6580A26D2D83095000E88963 /* NewMatchButton.swift */ = {isa = PBXFileReference; lastKnownFileType = sourcecode.swift; path = NewMatchButton.swift; sourceTree = "<group>"; };
		6580A26F2D83BB9E00E88963 /* NameTextfieldView.swift */ = {isa = PBXFileReference; lastKnownFileType = sourcecode.swift; path = NameTextfieldView.swift; sourceTree = "<group>"; };
		6580A2712D83CD5300E88963 /* WelcomeView.swift */ = {isa = PBXFileReference; lastKnownFileType = sourcecode.swift; path = WelcomeView.swift; sourceTree = "<group>"; };
		6580A2732D83D23900E88963 /* MainAppViewXXXXX.swift */ = {isa = PBXFileReference; lastKnownFileType = sourcecode.swift; path = MainAppViewXXXXX.swift; sourceTree = "<group>"; };
		65AC04D92D7E245C00D9F7A6 /* Collection.swift */ = {isa = PBXFileReference; lastKnownFileType = sourcecode.swift; path = Collection.swift; sourceTree = "<group>"; };
		65AC04DA2D7E245C00D9F7A6 /* Color.swift */ = {isa = PBXFileReference; lastKnownFileType = sourcecode.swift; path = Color.swift; sourceTree = "<group>"; };
		65AC04DB2D7E245C00D9F7A6 /* String.swift */ = {isa = PBXFileReference; lastKnownFileType = sourcecode.swift; path = String.swift; sourceTree = "<group>"; };
		65AC04DC2D7E245C00D9F7A6 /* View.swift */ = {isa = PBXFileReference; lastKnownFileType = sourcecode.swift; path = View.swift; sourceTree = "<group>"; };
		65AC04DE2D7E245C00D9F7A6 /* Bindings.swift */ = {isa = PBXFileReference; lastKnownFileType = sourcecode.swift; path = Bindings.swift; sourceTree = "<group>"; };
		65AC04DF2D7E245C00D9F7A6 /* EdgeBorder.swift */ = {isa = PBXFileReference; lastKnownFileType = sourcecode.swift; path = EdgeBorder.swift; sourceTree = "<group>"; };
		65AC04E12D7E245C00D9F7A6 /* ClearButton.swift */ = {isa = PBXFileReference; lastKnownFileType = sourcecode.swift; path = ClearButton.swift; sourceTree = "<group>"; };
		65AC04E22D7E245C00D9F7A6 /* DeviceRotation.swift */ = {isa = PBXFileReference; lastKnownFileType = sourcecode.swift; path = DeviceRotation.swift; sourceTree = "<group>"; };
		65AC04E52D7E245C00D9F7A6 /* getDeviceOrientation.swift */ = {isa = PBXFileReference; lastKnownFileType = sourcecode.swift; path = getDeviceOrientation.swift; sourceTree = "<group>"; };
		65AC04E62D7E245C00D9F7A6 /* NumberHorizontalPicker.swift */ = {isa = PBXFileReference; lastKnownFileType = sourcecode.swift; path = NumberHorizontalPicker.swift; sourceTree = "<group>"; };
		65AC04E72D7E245C00D9F7A6 /* TotalWidthKey.swift */ = {isa = PBXFileReference; lastKnownFileType = sourcecode.swift; path = TotalWidthKey.swift; sourceTree = "<group>"; };
		65AC04E92D7E245C00D9F7A6 /* CrawfordGameView.swift */ = {isa = PBXFileReference; lastKnownFileType = sourcecode.swift; path = CrawfordGameView.swift; sourceTree = "<group>"; };
		65AC04EA2D7E245C00D9F7A6 /* DoublingCubeView.swift */ = {isa = PBXFileReference; lastKnownFileType = sourcecode.swift; path = DoublingCubeView.swift; sourceTree = "<group>"; };
		65AC04EC2D7E245C00D9F7A6 /* MatchView.swift */ = {isa = PBXFileReference; lastKnownFileType = sourcecode.swift; path = MatchView.swift; sourceTree = "<group>"; };
		65AC04ED2D7E245C00D9F7A6 /* MiddleView.swift */ = {isa = PBXFileReference; lastKnownFileType = sourcecode.swift; path = MiddleView.swift; sourceTree = "<group>"; };
		65AC04EE2D7E245C00D9F7A6 /* OuterView.swift */ = {isa = PBXFileReference; lastKnownFileType = sourcecode.swift; path = OuterView.swift; sourceTree = "<group>"; };
		65AC04EF2D7E245C00D9F7A6 /* TestAlignmentXXXXX.swift */ = {isa = PBXFileReference; lastKnownFileType = sourcecode.swift; path = TestAlignmentXXXXX.swift; sourceTree = "<group>"; };
		65AC04F12D7E245C00D9F7A6 /* ConfigurePlayersView.swift */ = {isa = PBXFileReference; lastKnownFileType = sourcecode.swift; path = ConfigurePlayersView.swift; sourceTree = "<group>"; };
		65AC04F22D7E245C00D9F7A6 /* ConfigureMatchView.swift */ = {isa = PBXFileReference; lastKnownFileType = sourcecode.swift; path = ConfigureMatchView.swift; sourceTree = "<group>"; };
		65AC04F42D7E245C00D9F7A6 /* Preview Assets.xcassets */ = {isa = PBXFileReference; lastKnownFileType = folder.assetcatalog; path = "Preview Assets.xcassets"; sourceTree = "<group>"; };
		65AC04F62D7E245C00D9F7A6 /* Assets.xcassets */ = {isa = PBXFileReference; lastKnownFileType = folder.assetcatalog; path = Assets.xcassets; sourceTree = "<group>"; };
		65AC04F72D7E245C00D9F7A6 /* BackgammonScoreKeeperApp.swift */ = {isa = PBXFileReference; lastKnownFileType = sourcecode.swift; path = BackgammonScoreKeeperApp.swift; sourceTree = "<group>"; };
		65AC04F82D7E245C00D9F7A6 /* ContentViewXXXXX.swift */ = {isa = PBXFileReference; lastKnownFileType = sourcecode.swift; path = ContentViewXXXXX.swift; sourceTree = "<group>"; };
		65AC04F92D7E245C00D9F7A6 /* ControllerView.swift */ = {isa = PBXFileReference; lastKnownFileType = sourcecode.swift; path = ControllerView.swift; sourceTree = "<group>"; };
		65AC04FA2D7E245C00D9F7A6 /* DayHorizontalPicker.swift */ = {isa = PBXFileReference; lastKnownFileType = sourcecode.swift; path = DayHorizontalPicker.swift; sourceTree = "<group>"; };
		65AC04FB2D7E245C00D9F7A6 /* MainMenu.swift */ = {isa = PBXFileReference; lastKnownFileType = sourcecode.swift; path = MainMenu.swift; sourceTree = "<group>"; };
		65AC04FC2D7E245C00D9F7A6 /* TypeOfMatch.swift */ = {isa = PBXFileReference; lastKnownFileType = sourcecode.swift; path = TypeOfMatch.swift; sourceTree = "<group>"; };
		65AC04FD2D7E245C00D9F7A6 /* ViewModel.swift */ = {isa = PBXFileReference; lastKnownFileType = sourcecode.swift; path = ViewModel.swift; sourceTree = "<group>"; };
		65AC051F2D7E31E100D9F7A6 /* CustomConfigureChangeStyle.swift */ = {isa = PBXFileReference; lastKnownFileType = sourcecode.swift; path = CustomConfigureChangeStyle.swift; sourceTree = "<group>"; };
		65AC05212D7E698A00D9F7A6 /* MainMenuButton.swift */ = {isa = PBXFileReference; lastKnownFileType = sourcecode.swift; path = MainMenuButton.swift; sourceTree = "<group>"; };
		65B3E9622D52C41900AB92FB /* BackgammonScoreKeeper.app */ = {isa = PBXFileReference; explicitFileType = wrapper.application; includeInIndex = 0; path = BackgammonScoreKeeper.app; sourceTree = BUILT_PRODUCTS_DIR; };
		65B6A4C92D89E08C002D97AB /* PaddedButtonStyle.swift */ = {isa = PBXFileReference; lastKnownFileType = sourcecode.swift; path = PaddedButtonStyle.swift; sourceTree = "<group>"; };
		65B6A4D12D8B49F1002D97AB /* ToggleView.swift */ = {isa = PBXFileReference; lastKnownFileType = sourcecode.swift; path = ToggleView.swift; sourceTree = "<group>"; };
		65B6A4D52D8D8C3E002D97AB /* MovingBorderView.swift */ = {isa = PBXFileReference; lastKnownFileType = sourcecode.swift; path = MovingBorderView.swift; sourceTree = "<group>"; };
		65B6A4D72D8DEAB5002D97AB /* CustomDialogue.swift */ = {isa = PBXFileReference; lastKnownFileType = sourcecode.swift; path = CustomDialogue.swift; sourceTree = "<group>"; };
		65B6A4D92D901CE2002D97AB /* Triangle.swift */ = {isa = PBXFileReference; lastKnownFileType = sourcecode.swift; path = Triangle.swift; sourceTree = "<group>"; };
		65B6A4DC2D908283002D97AB /* TriangleRow.swift */ = {isa = PBXFileReference; lastKnownFileType = sourcecode.swift; path = TriangleRow.swift; sourceTree = "<group>"; };
		65B6A4DE2D9092BC002D97AB /* VerticalText.swift */ = {isa = PBXFileReference; lastKnownFileType = sourcecode.swift; path = VerticalText.swift; sourceTree = "<group>"; };
		65B6A4E02D90B5D2002D97AB /* Glow.swift */ = {isa = PBXFileReference; lastKnownFileType = sourcecode.swift; path = Glow.swift; sourceTree = "<group>"; };
/* End PBXFileReference section */

/* Begin PBXFrameworksBuildPhase section */
		65B3E95F2D52C41900AB92FB /* Frameworks */ = {
			isa = PBXFrameworksBuildPhase;
			buildActionMask = 2147483647;
			files = (
			);
			runOnlyForDeploymentPostprocessing = 0;
		};
/* End PBXFrameworksBuildPhase section */

/* Begin PBXGroup section */
		6509980C2DA312C300C99305 /* PreferenceKeys */ = {
			isa = PBXGroup;
			children = (
				65AC04E72D7E245C00D9F7A6 /* TotalWidthKey.swift */,
				650998102DA312DE00C99305 /* SizePreferanceKey.swift */,
				650998092DA312C300C99305 /* DoublingCubeYPosition.swift */,
				6509980A2DA312C300C99305 /* LargeBoxWidthKey.swift */,
				6509980B2DA312C300C99305 /* SmallBoxWidthKey.swift */,
			);
			path = PreferenceKeys;
			sourceTree = "<group>";
		};
		650998142DA3154A00C99305 /* Custom Views for the CustomBox Views */ = {
			isa = PBXGroup;
			children = (
				6509981B2DA339E800C99305 /* NotYetImplementedView.swift */,
				650998172DA3281D00C99305 /* AbandonMatchView.swift */,
				650998122DA3154A00C99305 /* ConfirmWishToMakeOffer.swift */,
				650998132DA3154A00C99305 /* ShowDoublingOffer.swift */,
			);
			path = "Custom Views for the CustomBox Views";
			sourceTree = "<group>";
		};
		657C9AFF2D960C6E008B193C /* Borders */ = {
			isa = PBXGroup;
			children = (
				65B6A4D52D8D8C3E002D97AB /* MovingBorderView.swift */,
				657C9AFD2D95DCAC008B193C /* ApplyBorder.swift */,
				65AC04DF2D7E245C00D9F7A6 /* EdgeBorder.swift */,
				65B6A4E02D90B5D2002D97AB /* Glow.swift */,
			);
			path = Borders;
			sourceTree = "<group>";
		};
		6580A26C2D8308A800E88963 /* ButtonStyles */ = {
			isa = PBXGroup;
			children = (
				65B6A4D12D8B49F1002D97AB /* ToggleView.swift */,
				6580A26D2D83095000E88963 /* NewMatchButton.swift */,
				65AC05212D7E698A00D9F7A6 /* MainMenuButton.swift */,
				65AC051F2D7E31E100D9F7A6 /* CustomConfigureChangeStyle.swift */,
				65B6A4C92D89E08C002D97AB /* PaddedButtonStyle.swift */,
			);
			path = ButtonStyles;
			sourceTree = "<group>";
		};
		65AC04DD2D7E245C00D9F7A6 /* Extensions */ = {
			isa = PBXGroup;
			children = (
				65AC04D92D7E245C00D9F7A6 /* Collection.swift */,
				65AC04DA2D7E245C00D9F7A6 /* Color.swift */,
				65AC04DB2D7E245C00D9F7A6 /* String.swift */,
				65AC04DC2D7E245C00D9F7A6 /* View.swift */,
			);
			path = Extensions;
			sourceTree = "<group>";
		};
		65AC04E82D7E245C00D9F7A6 /* Helpers */ = {
			isa = PBXGroup;
			children = (
				657C9AFF2D960C6E008B193C /* Borders */,
				65B6A4DB2D90825C002D97AB /* Triangles */,
				6580A26C2D8308A800E88963 /* ButtonStyles */,
				6509980C2DA312C300C99305 /* PreferenceKeys */,
				650998212DA4423A00C99305 /* AnimatedArrow.swift */,
				65B6A4DE2D9092BC002D97AB /* VerticalText.swift */,
				65AC04DE2D7E245C00D9F7A6 /* Bindings.swift */,
				6580A26F2D83BB9E00E88963 /* NameTextfieldView.swift */,
				65AC04E12D7E245C00D9F7A6 /* ClearButton.swift */,
				65AC04E22D7E245C00D9F7A6 /* DeviceRotation.swift */,
				65AC04E52D7E245C00D9F7A6 /* getDeviceOrientation.swift */,
				65AC04E62D7E245C00D9F7A6 /* NumberHorizontalPicker.swift */,
				650998192DA331D100C99305 /* CustomBoxWith1Button.swift */,
				650998052DA310A300C99305 /* CustomBoxWith2Choices.swift */,
				65B6A4D72D8DEAB5002D97AB /* CustomDialogue.swift */,
			);
			path = Helpers;
			sourceTree = "<group>";
		};
		65AC04EB2D7E245C00D9F7A6 /* DoublingCubeOverlays */ = {
			isa = PBXGroup;
			children = (
				657C9B022D971C01008B193C /* ResultOverlay.swift */,
				65AC04E92D7E245C00D9F7A6 /* CrawfordGameView.swift */,
				65AC04EA2D7E245C00D9F7A6 /* DoublingCubeView.swift */,
			);
			path = DoublingCubeOverlays;
			sourceTree = "<group>";
		};
		65AC04F02D7E245C00D9F7A6 /* MatchViews */ = {
			isa = PBXGroup;
			children = (
				65AC04EC2D7E245C00D9F7A6 /* MatchView.swift */,
				65AC04EB2D7E245C00D9F7A6 /* DoublingCubeOverlays */,
				65AC04ED2D7E245C00D9F7A6 /* MiddleView.swift */,
				65AC04EE2D7E245C00D9F7A6 /* OuterView.swift */,
			);
			path = MatchViews;
			sourceTree = "<group>";
		};
		65AC04F52D7E245C00D9F7A6 /* Preview Content */ = {
			isa = PBXGroup;
			children = (
				65AC04F42D7E245C00D9F7A6 /* Preview Assets.xcassets */,
			);
			path = "Preview Content";
			sourceTree = "<group>";
		};
		65AC04FE2D7E245C00D9F7A6 /* BackgammonScoreKeeper */ = {
			isa = PBXGroup;
			children = (
				65AC04F72D7E245C00D9F7A6 /* BackgammonScoreKeeperApp.swift */,
				65AC04F92D7E245C00D9F7A6 /* ControllerView.swift */,
				6580A2732D83D23900E88963 /* MainAppViewXXXXX.swift */,
				65AC04DD2D7E245C00D9F7A6 /* Extensions */,
				65AC04E82D7E245C00D9F7A6 /* Helpers */,
				65AC05232D7E6A8F00D9F7A6 /* Views */,
				65AC04F52D7E245C00D9F7A6 /* Preview Content */,
				65AC04F62D7E245C00D9F7A6 /* Assets.xcassets */,
				65AC04EF2D7E245C00D9F7A6 /* TestAlignmentXXXXX.swift */,
				65AC04F82D7E245C00D9F7A6 /* ContentViewXXXXX.swift */,
				65AC04FA2D7E245C00D9F7A6 /* DayHorizontalPicker.swift */,
				65AC04FC2D7E245C00D9F7A6 /* TypeOfMatch.swift */,
				65AC04FD2D7E245C00D9F7A6 /* ViewModel.swift */,
			);
			path = BackgammonScoreKeeper;
			sourceTree = "<group>";
		};
		65AC05232D7E6A8F00D9F7A6 /* Views */ = {
			isa = PBXGroup;
			children = (
				650998142DA3154A00C99305 /* Custom Views for the CustomBox Views */,
				6580A2712D83CD5300E88963 /* WelcomeView.swift */,
				65AC04FB2D7E245C00D9F7A6 /* MainMenu.swift */,
				65AC04F22D7E245C00D9F7A6 /* ConfigureMatchView.swift */,
				65AC04F12D7E245C00D9F7A6 /* ConfigurePlayersView.swift */,
				65AC04F02D7E245C00D9F7A6 /* MatchViews */,
				657C9B042D98889C008B193C /* AboutView.swift */,
			);
			path = Views;
			sourceTree = "<group>";
		};
		65B3E9592D52C41900AB92FB = {
			isa = PBXGroup;
			children = (
				65AC04FE2D7E245C00D9F7A6 /* BackgammonScoreKeeper */,
				65B3E9632D52C41900AB92FB /* Products */,
			);
			sourceTree = "<group>";
		};
		65B3E9632D52C41900AB92FB /* Products */ = {
			isa = PBXGroup;
			children = (
				65B3E9622D52C41900AB92FB /* BackgammonScoreKeeper.app */,
			);
			name = Products;
			sourceTree = "<group>";
		};
		65B6A4DB2D90825C002D97AB /* Triangles */ = {
			isa = PBXGroup;
			children = (
				65B6A4D92D901CE2002D97AB /* Triangle.swift */,
				65B6A4DC2D908283002D97AB /* TriangleRow.swift */,
			);
			path = Triangles;
			sourceTree = "<group>";
		};
/* End PBXGroup section */

/* Begin PBXNativeTarget section */
		65B3E9612D52C41900AB92FB /* BackgammonScoreKeeper */ = {
			isa = PBXNativeTarget;
			buildConfigurationList = 65B3E9702D52C41A00AB92FB /* Build configuration list for PBXNativeTarget "BackgammonScoreKeeper" */;
			buildPhases = (
				65B3E95E2D52C41900AB92FB /* Sources */,
				65B3E95F2D52C41900AB92FB /* Frameworks */,
				65B3E9602D52C41900AB92FB /* Resources */,
			);
			buildRules = (
			);
			dependencies = (
			);
			name = BackgammonScoreKeeper;
			packageProductDependencies = (
			);
			productName = BackgammonScoreKeeper;
			productReference = 65B3E9622D52C41900AB92FB /* BackgammonScoreKeeper.app */;
			productType = "com.apple.product-type.application";
		};
/* End PBXNativeTarget section */

/* Begin PBXProject section */
		65B3E95A2D52C41900AB92FB /* Project object */ = {
			isa = PBXProject;
			attributes = {
				BuildIndependentTargetsInParallel = 1;
				LastSwiftUpdateCheck = 1620;
				LastUpgradeCheck = 1620;
				TargetAttributes = {
					65B3E9612D52C41900AB92FB = {
						CreatedOnToolsVersion = 16.2;
					};
				};
			};
			buildConfigurationList = 65B3E95D2D52C41900AB92FB /* Build configuration list for PBXProject "BackgammonScoreKeeper" */;
			developmentRegion = en;
			hasScannedForEncodings = 0;
			knownRegions = (
				en,
				Base,
			);
			mainGroup = 65B3E9592D52C41900AB92FB;
			minimizedProjectReferenceProxies = 1;
			preferredProjectObjectVersion = 77;
			productRefGroup = 65B3E9632D52C41900AB92FB /* Products */;
			projectDirPath = "";
			projectRoot = "";
			targets = (
				65B3E9612D52C41900AB92FB /* BackgammonScoreKeeper */,
			);
		};
/* End PBXProject section */

/* Begin PBXResourcesBuildPhase section */
		65B3E9602D52C41900AB92FB /* Resources */ = {
			isa = PBXResourcesBuildPhase;
			buildActionMask = 2147483647;
			files = (
				65AC051C2D7E245C00D9F7A6 /* Preview Assets.xcassets in Resources */,
				65AC051D2D7E245C00D9F7A6 /* Assets.xcassets in Resources */,
			);
			runOnlyForDeploymentPostprocessing = 0;
		};
/* End PBXResourcesBuildPhase section */

/* Begin PBXSourcesBuildPhase section */
		65B3E95E2D52C41900AB92FB /* Sources */ = {
			isa = PBXSourcesBuildPhase;
			buildActionMask = 2147483647;
			files = (
				65AC05002D7E245C00D9F7A6 /* Color.swift in Sources */,
				65B6A4E12D90B5D2002D97AB /* Glow.swift in Sources */,
				6509981A2DA331D100C99305 /* CustomBoxWith1Button.swift in Sources */,
				65AC05012D7E245C00D9F7A6 /* String.swift in Sources */,
				6509981C2DA339E800C99305 /* NotYetImplementedView.swift in Sources */,
				65AC05022D7E245C00D9F7A6 /* View.swift in Sources */,
				65AC05032D7E245C00D9F7A6 /* Bindings.swift in Sources */,
				65AC05042D7E245C00D9F7A6 /* EdgeBorder.swift in Sources */,
				6580A2702D83BB9E00E88963 /* NameTextfieldView.swift in Sources */,
				65AC05222D7E698A00D9F7A6 /* MainMenuButton.swift in Sources */,
				65B6A4DF2D9092BC002D97AB /* VerticalText.swift in Sources */,
				65AC05062D7E245C00D9F7A6 /* ClearButton.swift in Sources */,
				65AC05072D7E245C00D9F7A6 /* DeviceRotation.swift in Sources */,
				650998152DA3154A00C99305 /* ConfirmWishToMakeOffer.swift in Sources */,
				650998162DA3154A00C99305 /* ShowDoublingOffer.swift in Sources */,
				65B6A4D82D8DEAB5002D97AB /* CustomDialogue.swift in Sources */,
				65B6A4D62D8D8C3E002D97AB /* MovingBorderView.swift in Sources */,
				650998222DA4423A00C99305 /* AnimatedArrow.swift in Sources */,
				6580A26E2D83095000E88963 /* NewMatchButton.swift in Sources */,
				657C9B032D971C01008B193C /* ResultOverlay.swift in Sources */,
				6509980D2DA312C300C99305 /* DoublingCubeYPosition.swift in Sources */,
				6509980E2DA312C300C99305 /* LargeBoxWidthKey.swift in Sources */,
				6509980F2DA312C300C99305 /* SmallBoxWidthKey.swift in Sources */,
				65AC050A2D7E245C00D9F7A6 /* getDeviceOrientation.swift in Sources */,
				650998112DA312DE00C99305 /* SizePreferanceKey.swift in Sources */,
				657C9AFE2D95DCAC008B193C /* ApplyBorder.swift in Sources */,
				65AC050B2D7E245C00D9F7A6 /* NumberHorizontalPicker.swift in Sources */,
				65AC050C2D7E245C00D9F7A6 /* TotalWidthKey.swift in Sources */,
				65AC050D2D7E245C00D9F7A6 /* CrawfordGameView.swift in Sources */,
				65AC050E2D7E245C00D9F7A6 /* DoublingCubeView.swift in Sources */,
				65AC050F2D7E245C00D9F7A6 /* MatchView.swift in Sources */,
				650998182DA3281D00C99305 /* AbandonMatchView.swift in Sources */,
				65B6A4DD2D908283002D97AB /* TriangleRow.swift in Sources */,
				65B6A4D22D8B49F1002D97AB /* ToggleView.swift in Sources */,
				657C9B052D98889C008B193C /* AboutView.swift in Sources */,
				65AC05202D7E31E100D9F7A6 /* CustomConfigureChangeStyle.swift in Sources */,
				65AC05102D7E245C00D9F7A6 /* MiddleView.swift in Sources */,
				65AC05112D7E245C00D9F7A6 /* OuterView.swift in Sources */,
				65AC05122D7E245C00D9F7A6 /* TestAlignmentXXXXX.swift in Sources */,
				65AC05132D7E245C00D9F7A6 /* ConfigurePlayersView.swift in Sources */,
				65B6A4CA2D89E08C002D97AB /* PaddedButtonStyle.swift in Sources */,
				65AC05142D7E245C00D9F7A6 /* ConfigureMatchView.swift in Sources */,
				65AC05152D7E245C00D9F7A6 /* BackgammonScoreKeeperApp.swift in Sources */,
				65AC05162D7E245C00D9F7A6 /* ContentViewXXXXX.swift in Sources */,
				65B6A4DA2D901CE2002D97AB /* Triangle.swift in Sources */,
				65AC05172D7E245C00D9F7A6 /* ControllerView.swift in Sources */,
				65AC05182D7E245C00D9F7A6 /* DayHorizontalPicker.swift in Sources */,
				650998062DA310A300C99305 /* CustomBoxWith2Choices.swift in Sources */,
				65AC05192D7E245C00D9F7A6 /* MainMenu.swift in Sources */,
				6580A2722D83CD5300E88963 /* WelcomeView.swift in Sources */,
				65AC051A2D7E245C00D9F7A6 /* TypeOfMatch.swift in Sources */,
				65AC051B2D7E245C00D9F7A6 /* ViewModel.swift in Sources */,
				6580A2742D83D23900E88963 /* MainAppViewXXXXX.swift in Sources */,
			);
			runOnlyForDeploymentPostprocessing = 0;
		};
/* End PBXSourcesBuildPhase section */

/* Begin XCBuildConfiguration section */
		65B3E96E2D52C41A00AB92FB /* Debug */ = {
			isa = XCBuildConfiguration;
			buildSettings = {
				ALWAYS_SEARCH_USER_PATHS = NO;
				ASSETCATALOG_COMPILER_GENERATE_SWIFT_ASSET_SYMBOL_EXTENSIONS = YES;
				CLANG_ANALYZER_NONNULL = YES;
				CLANG_ANALYZER_NUMBER_OBJECT_CONVERSION = YES_AGGRESSIVE;
				CLANG_CXX_LANGUAGE_STANDARD = "gnu++20";
				CLANG_ENABLE_MODULES = YES;
				CLANG_ENABLE_OBJC_ARC = YES;
				CLANG_ENABLE_OBJC_WEAK = YES;
				CLANG_WARN_BLOCK_CAPTURE_AUTORELEASING = YES;
				CLANG_WARN_BOOL_CONVERSION = YES;
				CLANG_WARN_COMMA = YES;
				CLANG_WARN_CONSTANT_CONVERSION = YES;
				CLANG_WARN_DEPRECATED_OBJC_IMPLEMENTATIONS = YES;
				CLANG_WARN_DIRECT_OBJC_ISA_USAGE = YES_ERROR;
				CLANG_WARN_DOCUMENTATION_COMMENTS = YES;
				CLANG_WARN_EMPTY_BODY = YES;
				CLANG_WARN_ENUM_CONVERSION = YES;
				CLANG_WARN_INFINITE_RECURSION = YES;
				CLANG_WARN_INT_CONVERSION = YES;
				CLANG_WARN_NON_LITERAL_NULL_CONVERSION = YES;
				CLANG_WARN_OBJC_IMPLICIT_RETAIN_SELF = YES;
				CLANG_WARN_OBJC_LITERAL_CONVERSION = YES;
				CLANG_WARN_OBJC_ROOT_CLASS = YES_ERROR;
				CLANG_WARN_QUOTED_INCLUDE_IN_FRAMEWORK_HEADER = YES;
				CLANG_WARN_RANGE_LOOP_ANALYSIS = YES;
				CLANG_WARN_STRICT_PROTOTYPES = YES;
				CLANG_WARN_SUSPICIOUS_MOVE = YES;
				CLANG_WARN_UNGUARDED_AVAILABILITY = YES_AGGRESSIVE;
				CLANG_WARN_UNREACHABLE_CODE = YES;
				CLANG_WARN__DUPLICATE_METHOD_MATCH = YES;
				COPY_PHASE_STRIP = NO;
				DEBUG_INFORMATION_FORMAT = dwarf;
				ENABLE_STRICT_OBJC_MSGSEND = YES;
				ENABLE_TESTABILITY = YES;
				ENABLE_USER_SCRIPT_SANDBOXING = YES;
				GCC_C_LANGUAGE_STANDARD = gnu17;
				GCC_DYNAMIC_NO_PIC = NO;
				GCC_NO_COMMON_BLOCKS = YES;
				GCC_OPTIMIZATION_LEVEL = 0;
				GCC_PREPROCESSOR_DEFINITIONS = (
					"DEBUG=1",
					"$(inherited)",
				);
				GCC_WARN_64_TO_32_BIT_CONVERSION = YES;
				GCC_WARN_ABOUT_RETURN_TYPE = YES_ERROR;
				GCC_WARN_UNDECLARED_SELECTOR = YES;
				GCC_WARN_UNINITIALIZED_AUTOS = YES_AGGRESSIVE;
				GCC_WARN_UNUSED_FUNCTION = YES;
				GCC_WARN_UNUSED_VARIABLE = YES;
				IPHONEOS_DEPLOYMENT_TARGET = 18.2;
				LOCALIZATION_PREFERS_STRING_CATALOGS = YES;
				MTL_ENABLE_DEBUG_INFO = INCLUDE_SOURCE;
				MTL_FAST_MATH = YES;
				ONLY_ACTIVE_ARCH = YES;
				SDKROOT = iphoneos;
				SWIFT_ACTIVE_COMPILATION_CONDITIONS = "DEBUG $(inherited)";
				SWIFT_OPTIMIZATION_LEVEL = "-Onone";
			};
			name = Debug;
		};
		65B3E96F2D52C41A00AB92FB /* Release */ = {
			isa = XCBuildConfiguration;
			buildSettings = {
				ALWAYS_SEARCH_USER_PATHS = NO;
				ASSETCATALOG_COMPILER_GENERATE_SWIFT_ASSET_SYMBOL_EXTENSIONS = YES;
				CLANG_ANALYZER_NONNULL = YES;
				CLANG_ANALYZER_NUMBER_OBJECT_CONVERSION = YES_AGGRESSIVE;
				CLANG_CXX_LANGUAGE_STANDARD = "gnu++20";
				CLANG_ENABLE_MODULES = YES;
				CLANG_ENABLE_OBJC_ARC = YES;
				CLANG_ENABLE_OBJC_WEAK = YES;
				CLANG_WARN_BLOCK_CAPTURE_AUTORELEASING = YES;
				CLANG_WARN_BOOL_CONVERSION = YES;
				CLANG_WARN_COMMA = YES;
				CLANG_WARN_CONSTANT_CONVERSION = YES;
				CLANG_WARN_DEPRECATED_OBJC_IMPLEMENTATIONS = YES;
				CLANG_WARN_DIRECT_OBJC_ISA_USAGE = YES_ERROR;
				CLANG_WARN_DOCUMENTATION_COMMENTS = YES;
				CLANG_WARN_EMPTY_BODY = YES;
				CLANG_WARN_ENUM_CONVERSION = YES;
				CLANG_WARN_INFINITE_RECURSION = YES;
				CLANG_WARN_INT_CONVERSION = YES;
				CLANG_WARN_NON_LITERAL_NULL_CONVERSION = YES;
				CLANG_WARN_OBJC_IMPLICIT_RETAIN_SELF = YES;
				CLANG_WARN_OBJC_LITERAL_CONVERSION = YES;
				CLANG_WARN_OBJC_ROOT_CLASS = YES_ERROR;
				CLANG_WARN_QUOTED_INCLUDE_IN_FRAMEWORK_HEADER = YES;
				CLANG_WARN_RANGE_LOOP_ANALYSIS = YES;
				CLANG_WARN_STRICT_PROTOTYPES = YES;
				CLANG_WARN_SUSPICIOUS_MOVE = YES;
				CLANG_WARN_UNGUARDED_AVAILABILITY = YES_AGGRESSIVE;
				CLANG_WARN_UNREACHABLE_CODE = YES;
				CLANG_WARN__DUPLICATE_METHOD_MATCH = YES;
				COPY_PHASE_STRIP = NO;
				DEBUG_INFORMATION_FORMAT = "dwarf-with-dsym";
				ENABLE_NS_ASSERTIONS = NO;
				ENABLE_STRICT_OBJC_MSGSEND = YES;
				ENABLE_USER_SCRIPT_SANDBOXING = YES;
				GCC_C_LANGUAGE_STANDARD = gnu17;
				GCC_NO_COMMON_BLOCKS = YES;
				GCC_WARN_64_TO_32_BIT_CONVERSION = YES;
				GCC_WARN_ABOUT_RETURN_TYPE = YES_ERROR;
				GCC_WARN_UNDECLARED_SELECTOR = YES;
				GCC_WARN_UNINITIALIZED_AUTOS = YES_AGGRESSIVE;
				GCC_WARN_UNUSED_FUNCTION = YES;
				GCC_WARN_UNUSED_VARIABLE = YES;
				IPHONEOS_DEPLOYMENT_TARGET = 18.2;
				LOCALIZATION_PREFERS_STRING_CATALOGS = YES;
				MTL_ENABLE_DEBUG_INFO = NO;
				MTL_FAST_MATH = YES;
				SDKROOT = iphoneos;
				SWIFT_COMPILATION_MODE = wholemodule;
				VALIDATE_PRODUCT = YES;
			};
			name = Release;
		};
		65B3E9712D52C41A00AB92FB /* Debug */ = {
			isa = XCBuildConfiguration;
			buildSettings = {
				ASSETCATALOG_COMPILER_APPICON_NAME = AppIcon;
				ASSETCATALOG_COMPILER_GLOBAL_ACCENT_COLOR_NAME = AccentColor;
				CODE_SIGN_STYLE = Automatic;
				CURRENT_PROJECT_VERSION = 1;
				DEVELOPMENT_ASSET_PATHS = "\"BackgammonScoreKeeper/Preview Content\"";
				DEVELOPMENT_TEAM = 93V8HP98P5;
				ENABLE_PREVIEWS = YES;
				GENERATE_INFOPLIST_FILE = YES;
				INFOPLIST_KEY_UIApplicationSceneManifest_Generation = YES;
				INFOPLIST_KEY_UIApplicationSupportsIndirectInputEvents = YES;
				INFOPLIST_KEY_UILaunchScreen_Generation = YES;
				INFOPLIST_KEY_UISupportedInterfaceOrientations = "UIInterfaceOrientationLandscapeLeft UIInterfaceOrientationLandscapeRight";
				INFOPLIST_KEY_UISupportedInterfaceOrientations_iPad = "UIInterfaceOrientationLandscapeLeft UIInterfaceOrientationLandscapeRight UIInterfaceOrientationPortrait UIInterfaceOrientationPortraitUpsideDown";
				IPHONEOS_DEPLOYMENT_TARGET = 18.0;
				LD_RUNPATH_SEARCH_PATHS = (
					"$(inherited)",
					"@executable_path/Frameworks",
				);
				MARKETING_VERSION = 0.8.0;
				PRODUCT_BUNDLE_IDENTIFIER = MarkOelbaum.BackgammonScoreKeeper;
				PRODUCT_NAME = "$(TARGET_NAME)";
				SUPPORTED_PLATFORMS = "iphoneos iphonesimulator";
				SUPPORTS_MACCATALYST = NO;
				SUPPORTS_MAC_DESIGNED_FOR_IPHONE_IPAD = NO;
				SUPPORTS_XR_DESIGNED_FOR_IPHONE_IPAD = NO;
				SWIFT_EMIT_LOC_STRINGS = YES;
				SWIFT_VERSION = 5.0;
				TARGETED_DEVICE_FAMILY = 1;
			};
			name = Debug;
		};
		65B3E9722D52C41A00AB92FB /* Release */ = {
			isa = XCBuildConfiguration;
			buildSettings = {
				ASSETCATALOG_COMPILER_APPICON_NAME = AppIcon;
				ASSETCATALOG_COMPILER_GLOBAL_ACCENT_COLOR_NAME = AccentColor;
				CODE_SIGN_STYLE = Automatic;
				CURRENT_PROJECT_VERSION = 1;
				DEVELOPMENT_ASSET_PATHS = "\"BackgammonScoreKeeper/Preview Content\"";
				DEVELOPMENT_TEAM = 93V8HP98P5;
				ENABLE_PREVIEWS = YES;
				GENERATE_INFOPLIST_FILE = YES;
				INFOPLIST_KEY_UIApplicationSceneManifest_Generation = YES;
				INFOPLIST_KEY_UIApplicationSupportsIndirectInputEvents = YES;
				INFOPLIST_KEY_UILaunchScreen_Generation = YES;
				INFOPLIST_KEY_UISupportedInterfaceOrientations = "UIInterfaceOrientationLandscapeLeft UIInterfaceOrientationLandscapeRight";
				INFOPLIST_KEY_UISupportedInterfaceOrientations_iPad = "UIInterfaceOrientationLandscapeLeft UIInterfaceOrientationLandscapeRight UIInterfaceOrientationPortrait UIInterfaceOrientationPortraitUpsideDown";
				IPHONEOS_DEPLOYMENT_TARGET = 18.0;
				LD_RUNPATH_SEARCH_PATHS = (
					"$(inherited)",
					"@executable_path/Frameworks",
				);
				MARKETING_VERSION = 0.8.0;
				PRODUCT_BUNDLE_IDENTIFIER = MarkOelbaum.BackgammonScoreKeeper;
				PRODUCT_NAME = "$(TARGET_NAME)";
				SUPPORTED_PLATFORMS = "iphoneos iphonesimulator";
				SUPPORTS_MACCATALYST = NO;
				SUPPORTS_MAC_DESIGNED_FOR_IPHONE_IPAD = NO;
				SUPPORTS_XR_DESIGNED_FOR_IPHONE_IPAD = NO;
				SWIFT_EMIT_LOC_STRINGS = YES;
				SWIFT_VERSION = 5.0;
				TARGETED_DEVICE_FAMILY = 1;
			};
			name = Release;
		};
/* End XCBuildConfiguration section */

/* Begin XCConfigurationList section */
		65B3E95D2D52C41900AB92FB /* Build configuration list for PBXProject "BackgammonScoreKeeper" */ = {
			isa = XCConfigurationList;
			buildConfigurations = (
				65B3E96E2D52C41A00AB92FB /* Debug */,
				65B3E96F2D52C41A00AB92FB /* Release */,
			);
			defaultConfigurationIsVisible = 0;
			defaultConfigurationName = Release;
		};
		65B3E9702D52C41A00AB92FB /* Build configuration list for PBXNativeTarget "BackgammonScoreKeeper" */ = {
			isa = XCConfigurationList;
			buildConfigurations = (
				65B3E9712D52C41A00AB92FB /* Debug */,
				65B3E9722D52C41A00AB92FB /* Release */,
			);
			defaultConfigurationIsVisible = 0;
			defaultConfigurationName = Release;
		};
/* End XCConfigurationList section */
	};
	rootObject = 65B3E95A2D52C41900AB92FB /* Project object */;
}
